
Microsoft Visual Studio Solution File, Format Version 12.00
# Visual Studio Version 16
VisualStudioVersion = 16.0.30611.23
MinimumVisualStudioVersion = 10.0.40219.1
Project("{888888A0-9F3D-457C-B088-3A5042F75D52}") = "get_price_WEB", "get_price_WEB.pyproj", "{0611FFE6-DE48-4186-BF92-8DFA3443BA74}"
EndProject
Global
	GlobalSection(SolutionConfigurationPlatforms) = preSolution
		Debug|Any CPU = Debug|Any CPU
		Release|Any CPU = Release|Any CPU
	EndGlobalSection
	GlobalSection(ProjectConfigurationPlatforms) = postSolution
		{0611FFE6-DE48-4186-BF92-8DFA3443BA74}.Debug|Any CPU.ActiveCfg = Debug|Any CPU
		{0611FFE6-DE48-4186-BF92-8DFA3443BA74}.Debug|Any CPU.Build.0 = Debug|Any CPU
		{0611FFE6-DE48-4186-BF92-8DFA3443BA74}.Release|Any CPU.ActiveCfg = Release|Any CPU
		{0611FFE6-DE48-4186-BF92-8DFA3443BA74}.Release|Any CPU.Build.0 = Release|Any CPU
	EndGlobalSection
	GlobalSection(SolutionProperties) = preSolution
		HideSolutionNode = FALSE
	EndGlobalSection
	GlobalSection(ExtensibilityGlobals) = postSolution
		SolutionGuid = {9EA1DF0B-9772-40F8-9638-7E43F08B32EC}
	EndGlobalSection
EndGlobal
